
Microsoft Visual Studio Solution File, Format Version 12.00
# Visual Studio Version 16
VisualStudioVersion = 16.0.31005.135
MinimumVisualStudioVersion = 10.0.40219.1
Project("{FAE04EC0-301F-11D3-BF4B-00C04F79EFBC}") = "Структура данных стек", "Структура данных стек.csproj", "{71548953-274B-4786-A41A-77A73A11BA09}"
EndProject
Global
	GlobalSection(SolutionConfigurationPlatforms) = preSolution
		Debug|Any CPU = Debug|Any CPU
		Release|Any CPU = Release|Any CPU
	EndGlobalSection
	GlobalSection(ProjectConfigurationPlatforms) = postSolution
		{71548953-274B-4786-A41A-77A73A11BA09}.Debug|Any CPU.ActiveCfg = Debug|Any CPU
		{71548953-274B-4786-A41A-77A73A11BA09}.Debug|Any CPU.Build.0 = Debug|Any CPU
		{71548953-274B-4786-A41A-77A73A11BA09}.Release|Any CPU.ActiveCfg = Release|Any CPU
		{71548953-274B-4786-A41A-77A73A11BA09}.Release|Any CPU.Build.0 = Release|Any CPU
	EndGlobalSection
	GlobalSection(SolutionProperties) = preSolution
		HideSolutionNode = FALSE
	EndGlobalSection
	GlobalSection(ExtensibilityGlobals) = postSolution
		SolutionGuid = {8C5F3AEA-5A46-4A72-843D-EBF1BE294AF7}
	EndGlobalSection
EndGlobal
